
Microsoft Visual Studio Solution File, Format Version 12.00
# Visual Studio Version 17
VisualStudioVersion = 17.14.36221.1 d17.14
MinimumVisualStudioVersion = 10.0.40219.1
Project("{FAE04EC0-301F-11D3-BF4B-00C04F79EFBC}") = "LU4_Walker", "LU4_Walker.csproj", "{DD1A7C79-020E-4F71-BAA2-33C8D9B97B15}"
EndProject
Global
	GlobalSection(SolutionConfigurationPlatforms) = preSolution
		Debug|Any CPU = Debug|Any CPU
		Release|Any CPU = Release|Any CPU
	EndGlobalSection
	GlobalSection(ProjectConfigurationPlatforms) = postSolution
		{DD1A7C79-020E-4F71-BAA2-33C8D9B97B15}.Debug|Any CPU.ActiveCfg = Debug|Any CPU
		{DD1A7C79-020E-4F71-BAA2-33C8D9B97B15}.Debug|Any CPU.Build.0 = Debug|Any CPU
		{DD1A7C79-020E-4F71-BAA2-33C8D9B97B15}.Release|Any CPU.ActiveCfg = Release|Any CPU
		{DD1A7C79-020E-4F71-BAA2-33C8D9B97B15}.Release|Any CPU.Build.0 = Release|Any CPU
	EndGlobalSection
	GlobalSection(SolutionProperties) = preSolution
		HideSolutionNode = FALSE
	EndGlobalSection
	GlobalSection(ExtensibilityGlobals) = postSolution
		SolutionGuid = {DD226ED3-8AA3-46C2-880A-E1558635359D}
	EndGlobalSection
EndGlobal
